
Microsoft Visual Studio Solution File, Format Version 12.00
# Visual Studio Version 17
VisualStudioVersion = 17.4.33213.308
MinimumVisualStudioVersion = 10.0.40219.1
Project("{9A19103F-16F7-4668-BE54-9A1E7A4F7556}") = "ApiUsuarios.Services", "ApiUsuarios.Services\ApiUsuarios.Services.csproj", "{2EE4EC45-37DC-43FC-B611-017402BAE199}"
EndProject
Project("{2150E333-8FDC-42A3-9474-1A3956D46DE8}") = "1 - API", "1 - API", "{E3C16522-4925-4EA6-96F1-456D2D1221DC}"
EndProject
Project("{2150E333-8FDC-42A3-9474-1A3956D46DE8}") = "2 - DDD", "2 - DDD", "{BE8FE2B9-2733-4F93-B9AE-120B1AC48089}"
EndProject
Project("{2150E333-8FDC-42A3-9474-1A3956D46DE8}") = "Application", "Application", "{1590A970-4C0C-4E45-AE29-C1846EB4D708}"
EndProject
Project("{2150E333-8FDC-42A3-9474-1A3956D46DE8}") = "Domain", "Domain", "{6EF790DA-8832-4356-9817-BC7D07AA1A31}"
EndProject
Project("{2150E333-8FDC-42A3-9474-1A3956D46DE8}") = "InfraStructure", "InfraStructure", "{00FA250A-D790-4D6B-9198-9E17D68B1185}"
EndProject
Project("{9A19103F-16F7-4668-BE54-9A1E7A4F7556}") = "ApiUsuarios.Domain", "ApiUsuarios.Domain\ApiUsuarios.Domain.csproj", "{6DD25A58-0495-42E3-A31E-E914881F5E75}"
EndProject
Project("{9A19103F-16F7-4668-BE54-9A1E7A4F7556}") = "ApiUsuarios.Infra.Data", "ApiUsuarios.Infra.Data\ApiUsuarios.Infra.Data.csproj", "{716773F1-001D-43AC-924C-D97E91F00CBB}"
EndProject
Project("{9A19103F-16F7-4668-BE54-9A1E7A4F7556}") = "ApiUsuarios.Infra.Messages", "ApiUsuarios.Infra.Messages\ApiUsuarios.Infra.Messages.csproj", "{31E81776-AF28-47E3-B2A8-410F6688B8DE}"
EndProject
Project("{9A19103F-16F7-4668-BE54-9A1E7A4F7556}") = "ApiUsuarios.Application", "ApiUsuarios.Application\ApiUsuarios.Application.csproj", "{DBF5C042-0595-4A93-87AB-A35F080B460A}"
EndProject
Project("{2150E333-8FDC-42A3-9474-1A3956D46DE8}") = "3 - TDD", "3 - TDD", "{782895A7-9743-4172-BF3A-C1FB9A889DFB}"
EndProject
Project("{9A19103F-16F7-4668-BE54-9A1E7A4F7556}") = "ApiUsuarios.Tests", "ApiUsuarios.Tests\ApiUsuarios.Tests.csproj", "{00D9A155-D686-4838-8806-48ABB43F8BBA}"
EndProject
Project("{FAE04EC0-301F-11D3-BF4B-00C04F79EFBC}") = "ApiUsuarios.Infra.RabbitMQ", "ApiUsuarios.Infra.RabbitMQ\ApiUsuarios.Infra.RabbitMQ.csproj", "{C84401D1-1F2B-47DC-A776-E9FBB2D53B7B}"
EndProject
Global
	GlobalSection(SolutionConfigurationPlatforms) = preSolution
		Debug|Any CPU = Debug|Any CPU
		Release|Any CPU = Release|Any CPU
	EndGlobalSection
	GlobalSection(ProjectConfigurationPlatforms) = postSolution
		{2EE4EC45-37DC-43FC-B611-017402BAE199}.Debug|Any CPU.ActiveCfg = Debug|Any CPU
		{2EE4EC45-37DC-43FC-B611-017402BAE199}.Debug|Any CPU.Build.0 = Debug|Any CPU
		{2EE4EC45-37DC-43FC-B611-017402BAE199}.Release|Any CPU.ActiveCfg = Release|Any CPU
		{2EE4EC45-37DC-43FC-B611-017402BAE199}.Release|Any CPU.Build.0 = Release|Any CPU
		{6DD25A58-0495-42E3-A31E-E914881F5E75}.Debug|Any CPU.ActiveCfg = Debug|Any CPU
		{6DD25A58-0495-42E3-A31E-E914881F5E75}.Debug|Any CPU.Build.0 = Debug|Any CPU
		{6DD25A58-0495-42E3-A31E-E914881F5E75}.Release|Any CPU.ActiveCfg = Release|Any CPU
		{6DD25A58-0495-42E3-A31E-E914881F5E75}.Release|Any CPU.Build.0 = Release|Any CPU
		{716773F1-001D-43AC-924C-D97E91F00CBB}.Debug|Any CPU.ActiveCfg = Debug|Any CPU
		{716773F1-001D-43AC-924C-D97E91F00CBB}.Debug|Any CPU.Build.0 = Debug|Any CPU
		{716773F1-001D-43AC-924C-D97E91F00CBB}.Release|Any CPU.ActiveCfg = Release|Any CPU
		{716773F1-001D-43AC-924C-D97E91F00CBB}.Release|Any CPU.Build.0 = Release|Any CPU
		{31E81776-AF28-47E3-B2A8-410F6688B8DE}.Debug|Any CPU.ActiveCfg = Debug|Any CPU
		{31E81776-AF28-47E3-B2A8-410F6688B8DE}.Debug|Any CPU.Build.0 = Debug|Any CPU
		{31E81776-AF28-47E3-B2A8-410F6688B8DE}.Release|Any CPU.ActiveCfg = Release|Any CPU
		{31E81776-AF28-47E3-B2A8-410F6688B8DE}.Release|Any CPU.Build.0 = Release|Any CPU
		{DBF5C042-0595-4A93-87AB-A35F080B460A}.Debug|Any CPU.ActiveCfg = Debug|Any CPU
		{DBF5C042-0595-4A93-87AB-A35F080B460A}.Debug|Any CPU.Build.0 = Debug|Any CPU
		{DBF5C042-0595-4A93-87AB-A35F080B460A}.Release|Any CPU.ActiveCfg = Release|Any CPU
		{DBF5C042-0595-4A93-87AB-A35F080B460A}.Release|Any CPU.Build.0 = Release|Any CPU
		{00D9A155-D686-4838-8806-48ABB43F8BBA}.Debug|Any CPU.ActiveCfg = Debug|Any CPU
		{00D9A155-D686-4838-8806-48ABB43F8BBA}.Debug|Any CPU.Build.0 = Debug|Any CPU
		{00D9A155-D686-4838-8806-48ABB43F8BBA}.Release|Any CPU.ActiveCfg = Release|Any CPU
		{00D9A155-D686-4838-8806-48ABB43F8BBA}.Release|Any CPU.Build.0 = Release|Any CPU
		{C84401D1-1F2B-47DC-A776-E9FBB2D53B7B}.Debug|Any CPU.ActiveCfg = Debug|Any CPU
		{C84401D1-1F2B-47DC-A776-E9FBB2D53B7B}.Debug|Any CPU.Build.0 = Debug|Any CPU
		{C84401D1-1F2B-47DC-A776-E9FBB2D53B7B}.Release|Any CPU.ActiveCfg = Release|Any CPU
		{C84401D1-1F2B-47DC-A776-E9FBB2D53B7B}.Release|Any CPU.Build.0 = Release|Any CPU
	EndGlobalSection
	GlobalSection(SolutionProperties) = preSolution
		HideSolutionNode = FALSE
	EndGlobalSection
	GlobalSection(NestedProjects) = preSolution
		{2EE4EC45-37DC-43FC-B611-017402BAE199} = {E3C16522-4925-4EA6-96F1-456D2D1221DC}
		{1590A970-4C0C-4E45-AE29-C1846EB4D708} = {BE8FE2B9-2733-4F93-B9AE-120B1AC48089}
		{6EF790DA-8832-4356-9817-BC7D07AA1A31} = {BE8FE2B9-2733-4F93-B9AE-120B1AC48089}
		{00FA250A-D790-4D6B-9198-9E17D68B1185} = {BE8FE2B9-2733-4F93-B9AE-120B1AC48089}
		{6DD25A58-0495-42E3-A31E-E914881F5E75} = {6EF790DA-8832-4356-9817-BC7D07AA1A31}
		{716773F1-001D-43AC-924C-D97E91F00CBB} = {00FA250A-D790-4D6B-9198-9E17D68B1185}
		{31E81776-AF28-47E3-B2A8-410F6688B8DE} = {00FA250A-D790-4D6B-9198-9E17D68B1185}
		{DBF5C042-0595-4A93-87AB-A35F080B460A} = {1590A970-4C0C-4E45-AE29-C1846EB4D708}
		{00D9A155-D686-4838-8806-48ABB43F8BBA} = {782895A7-9743-4172-BF3A-C1FB9A889DFB}
		{C84401D1-1F2B-47DC-A776-E9FBB2D53B7B} = {00FA250A-D790-4D6B-9198-9E17D68B1185}
	EndGlobalSection
	GlobalSection(ExtensibilityGlobals) = postSolution
		SolutionGuid = {9346A3B5-B6F2-4096-975F-2140FEDD03E2}
	EndGlobalSection
EndGlobal
